
Microsoft Visual Studio Solution File, Format Version 12.00
# Visual Studio 15
Project("{FAE04EC0-301F-11D3-BF4B-00C04F79EFBC}") = "Assembly-CSharp", "Assembly-CSharp.csproj", "{AB25DDC1-5A9D-2B6A-B330-FA078F9CA737}"
EndProject
Project("{FAE04EC0-301F-11D3-BF4B-00C04F79EFBC}") = "Assembly-CSharp-Editor", "Assembly-CSharp-Editor.csproj", "{6A3FA66D-0742-9470-B292-7BD3B7C03FC4}"
EndProject
Global
	GlobalSection(SolutionConfigurationPlatforms) = preSolution
		Debug|Any CPU = Debug|Any CPU
		Release|Any CPU = Release|Any CPU
	EndGlobalSection
	GlobalSection(ProjectConfigurationPlatforms) = postSolution
		{AB25DDC1-5A9D-2B6A-B330-FA078F9CA737}.Debug|Any CPU.ActiveCfg = Debug|Any CPU
		{AB25DDC1-5A9D-2B6A-B330-FA078F9CA737}.Debug|Any CPU.Build.0 = Debug|Any CPU
		{AB25DDC1-5A9D-2B6A-B330-FA078F9CA737}.Release|Any CPU.ActiveCfg = Release|Any CPU
		{AB25DDC1-5A9D-2B6A-B330-FA078F9CA737}.Release|Any CPU.Build.0 = Release|Any CPU
		{6A3FA66D-0742-9470-B292-7BD3B7C03FC4}.Debug|Any CPU.ActiveCfg = Debug|Any CPU
		{6A3FA66D-0742-9470-B292-7BD3B7C03FC4}.Debug|Any CPU.Build.0 = Debug|Any CPU
		{6A3FA66D-0742-9470-B292-7BD3B7C03FC4}.Release|Any CPU.ActiveCfg = Release|Any CPU
		{6A3FA66D-0742-9470-B292-7BD3B7C03FC4}.Release|Any CPU.Build.0 = Release|Any CPU
	EndGlobalSection
	GlobalSection(SolutionProperties) = preSolution
		HideSolutionNode = FALSE
	EndGlobalSection
EndGlobal
